// !$*UTF8*$!
{
	archiveVersion = 1;
	classes = {
	};
	objectVersion = 46;
	objects = {

/* Begin PBXBuildFile section */
		8B2AD4C91B33411E003B917F /* ORCloudData.swift in Sources */ = {isa = PBXBuildFile; fileRef = 8B2AD4C81B33411E003B917F /* ORCloudData.swift */; };
		8B2AD4CB1B334128003B917F /* ORLocalData.swift in Sources */ = {isa = PBXBuildFile; fileRef = 8B2AD4CA1B334128003B917F /* ORLocalData.swift */; };
		8B2AD4CD1B334F00003B917F /* ORDataCoordinator.swift in Sources */ = {isa = PBXBuildFile; fileRef = 8B2AD4CC1B334F00003B917F /* ORDataCoordinator.swift */; };
		8B3039631B2BFED000E5C95A /* ORSession.swift in Sources */ = {isa = PBXBuildFile; fileRef = 8B3039621B2BFED000E5C95A /* ORSession.swift */; };
		8B650CA31B2BA75400F0EA52 /* ORMKit.h in Headers */ = {isa = PBXBuildFile; fileRef = 8B650CA21B2BA75400F0EA52 /* ORMKit.h */; settings = {ATTRIBUTES = (Public, ); }; };
		8B650CA91B2BA75400F0EA52 /* ORMKit.framework in Frameworks */ = {isa = PBXBuildFile; fileRef = 8B650C9D1B2BA75400F0EA52 /* ORMKit.framework */; };
		8B650CB01B2BA75400F0EA52 /* ORMKitTests.swift in Sources */ = {isa = PBXBuildFile; fileRef = 8B650CAF1B2BA75400F0EA52 /* ORMKitTests.swift */; };
		8B650CBE1B2BA77100F0EA52 /* ORModel.swift in Sources */ = {isa = PBXBuildFile; fileRef = 8B650CB91B2BA77100F0EA52 /* ORModel.swift */; };
		8B650CBF1B2BA77100F0EA52 /* ORLiftEntry.swift in Sources */ = {isa = PBXBuildFile; fileRef = 8B650CBB1B2BA77100F0EA52 /* ORLiftEntry.swift */; };
		8B650CC01B2BA77100F0EA52 /* ORLiftTemplate.swift in Sources */ = {isa = PBXBuildFile; fileRef = 8B650CBC1B2BA77100F0EA52 /* ORLiftTemplate.swift */; };
		8B650CC31B2BA8DD00F0EA52 /* ORAthlete.swift in Sources */ = {isa = PBXBuildFile; fileRef = 8B650CC21B2BA8DD00F0EA52 /* ORAthlete.swift */; };
		8B76DF521B34464600DB95ED /* ORDataRequest.swift in Sources */ = {isa = PBXBuildFile; fileRef = 8B76DF511B34464600DB95ED /* ORDataRequest.swift */; };
		8B76DF541B34465700DB95ED /* ORLocalDataRequest.swift in Sources */ = {isa = PBXBuildFile; fileRef = 8B76DF531B34465700DB95ED /* ORLocalDataRequest.swift */; };
		8B76DF561B34466C00DB95ED /* ORCloudDataRequest.swift in Sources */ = {isa = PBXBuildFile; fileRef = 8B76DF551B34466C00DB95ED /* ORCloudDataRequest.swift */; };
		8B76DF5E1B3447DF00DB95ED /* ORDataTools.swift in Sources */ = {isa = PBXBuildFile; fileRef = 8B76DF5D1B3447DF00DB95ED /* ORDataTools.swift */; };
		8B9E271B1B323890008AE331 /* ORDataManager.swift in Sources */ = {isa = PBXBuildFile; fileRef = 8B9E271A1B323890008AE331 /* ORDataManager.swift */; };
		8BA5209A1B44CE9E005E0FF0 /* ORMessage.swift in Sources */ = {isa = PBXBuildFile; fileRef = 8BA520991B44CE9E005E0FF0 /* ORMessage.swift */; };
		8BD0F1AB1B308E5400F96C96 /* ORCloudDataCoordinator.swift in Sources */ = {isa = PBXBuildFile; fileRef = 8BD0F1AA1B308E5400F96C96 /* ORCloudDataCoordinator.swift */; };
		8BD0F1AD1B3091B300F96C96 /* ORDataResponse.swift in Sources */ = {isa = PBXBuildFile; fileRef = 8BD0F1AC1B3091B300F96C96 /* ORDataResponse.swift */; };
		8BD0F1AF1B30978000F96C96 /* OROrganization.swift in Sources */ = {isa = PBXBuildFile; fileRef = 8BD0F1AE1B30978000F96C96 /* OROrganization.swift */; };
		8BD0F1B31B310CF600F96C96 /* ORLocalDataCoordinator.swift in Sources */ = {isa = PBXBuildFile; fileRef = 8BD0F1B21B310CF600F96C96 /* ORLocalDataCoordinator.swift */; };
		8BD0F1B51B31208700F96C96 /* ORCloudDataResponse.swift in Sources */ = {isa = PBXBuildFile; fileRef = 8BD0F1B41B31208700F96C96 /* ORCloudDataResponse.swift */; };
		8BD0F1B71B3120D900F96C96 /* ORLocalDataResponse.swift in Sources */ = {isa = PBXBuildFile; fileRef = 8BD0F1B61B3120D900F96C96 /* ORLocalDataResponse.swift */; };
		8BE077281B2D4EF20070D128 /* ORTransformer.swift in Sources */ = {isa = PBXBuildFile; fileRef = 8BE077271B2D4EF20070D128 /* ORTransformer.swift */; };
/* End PBXBuildFile section */

/* Begin PBXContainerItemProxy section */
		8B650CAA1B2BA75400F0EA52 /* PBXContainerItemProxy */ = {
			isa = PBXContainerItemProxy;
			containerPortal = 8B650C941B2BA75400F0EA52 /* Project object */;
			proxyType = 1;
			remoteGlobalIDString = 8B650C9C1B2BA75400F0EA52;
			remoteInfo = ORMKit;
		};
/* End PBXContainerItemProxy section */

/* Begin PBXFileReference section */
		8B2AD4C81B33411E003B917F /* ORCloudData.swift */ = {isa = PBXFileReference; fileEncoding = 4; lastKnownFileType = sourcecode.swift; path = ORCloudData.swift; sourceTree = "<group>"; };
		8B2AD4CA1B334128003B917F /* ORLocalData.swift */ = {isa = PBXFileReference; fileEncoding = 4; lastKnownFileType = sourcecode.swift; path = ORLocalData.swift; sourceTree = "<group>"; };
		8B2AD4CC1B334F00003B917F /* ORDataCoordinator.swift */ = {isa = PBXFileReference; fileEncoding = 4; lastKnownFileType = sourcecode.swift; path = ORDataCoordinator.swift; sourceTree = "<group>"; };
		8B3039621B2BFED000E5C95A /* ORSession.swift */ = {isa = PBXFileReference; fileEncoding = 4; lastKnownFileType = sourcecode.swift; path = ORSession.swift; sourceTree = "<group>"; };
		8B650C9D1B2BA75400F0EA52 /* ORMKit.framework */ = {isa = PBXFileReference; explicitFileType = wrapper.framework; includeInIndex = 0; path = ORMKit.framework; sourceTree = BUILT_PRODUCTS_DIR; };
		8B650CA11B2BA75400F0EA52 /* Info.plist */ = {isa = PBXFileReference; lastKnownFileType = text.plist.xml; path = Info.plist; sourceTree = "<group>"; };
		8B650CA21B2BA75400F0EA52 /* ORMKit.h */ = {isa = PBXFileReference; lastKnownFileType = sourcecode.c.h; path = ORMKit.h; sourceTree = "<group>"; };
		8B650CA81B2BA75400F0EA52 /* ORMKitTests.xctest */ = {isa = PBXFileReference; explicitFileType = wrapper.cfbundle; includeInIndex = 0; path = ORMKitTests.xctest; sourceTree = BUILT_PRODUCTS_DIR; };
		8B650CAE1B2BA75400F0EA52 /* Info.plist */ = {isa = PBXFileReference; lastKnownFileType = text.plist.xml; path = Info.plist; sourceTree = "<group>"; };
		8B650CAF1B2BA75400F0EA52 /* ORMKitTests.swift */ = {isa = PBXFileReference; lastKnownFileType = sourcecode.swift; path = ORMKitTests.swift; sourceTree = "<group>"; };
		8B650CB91B2BA77100F0EA52 /* ORModel.swift */ = {isa = PBXFileReference; fileEncoding = 4; lastKnownFileType = sourcecode.swift; name = ORModel.swift; path = ../ORModel.swift; sourceTree = "<group>"; };
		8B650CBB1B2BA77100F0EA52 /* ORLiftEntry.swift */ = {isa = PBXFileReference; fileEncoding = 4; lastKnownFileType = sourcecode.swift; path = ORLiftEntry.swift; sourceTree = "<group>"; };
		8B650CBC1B2BA77100F0EA52 /* ORLiftTemplate.swift */ = {isa = PBXFileReference; fileEncoding = 4; lastKnownFileType = sourcecode.swift; path = ORLiftTemplate.swift; sourceTree = "<group>"; };
		8B650CC21B2BA8DD00F0EA52 /* ORAthlete.swift */ = {isa = PBXFileReference; fileEncoding = 4; lastKnownFileType = sourcecode.swift; path = ORAthlete.swift; sourceTree = "<group>"; };
		8B76DF511B34464600DB95ED /* ORDataRequest.swift */ = {isa = PBXFileReference; fileEncoding = 4; lastKnownFileType = sourcecode.swift; path = ORDataRequest.swift; sourceTree = "<group>"; };
		8B76DF531B34465700DB95ED /* ORLocalDataRequest.swift */ = {isa = PBXFileReference; fileEncoding = 4; lastKnownFileType = sourcecode.swift; path = ORLocalDataRequest.swift; sourceTree = "<group>"; };
		8B76DF551B34466C00DB95ED /* ORCloudDataRequest.swift */ = {isa = PBXFileReference; fileEncoding = 4; lastKnownFileType = sourcecode.swift; path = ORCloudDataRequest.swift; sourceTree = "<group>"; };
		8B76DF5D1B3447DF00DB95ED /* ORDataTools.swift */ = {isa = PBXFileReference; fileEncoding = 4; lastKnownFileType = sourcecode.swift; path = ORDataTools.swift; sourceTree = "<group>"; };
		8B9E271A1B323890008AE331 /* ORDataManager.swift */ = {isa = PBXFileReference; fileEncoding = 4; lastKnownFileType = sourcecode.swift; path = ORDataManager.swift; sourceTree = "<group>"; };
		8BA520991B44CE9E005E0FF0 /* ORMessage.swift */ = {isa = PBXFileReference; fileEncoding = 4; lastKnownFileType = sourcecode.swift; path = ORMessage.swift; sourceTree = "<group>"; };
		8BD0F1AA1B308E5400F96C96 /* ORCloudDataCoordinator.swift */ = {isa = PBXFileReference; fileEncoding = 4; lastKnownFileType = sourcecode.swift; path = ORCloudDataCoordinator.swift; sourceTree = "<group>"; };
		8BD0F1AC1B3091B300F96C96 /* ORDataResponse.swift */ = {isa = PBXFileReference; fileEncoding = 4; lastKnownFileType = sourcecode.swift; path = ORDataResponse.swift; sourceTree = "<group>"; };
		8BD0F1AE1B30978000F96C96 /* OROrganization.swift */ = {isa = PBXFileReference; fileEncoding = 4; lastKnownFileType = sourcecode.swift; name = OROrganization.swift; path = ../OROrganization.swift; sourceTree = "<group>"; };
		8BD0F1B21B310CF600F96C96 /* ORLocalDataCoordinator.swift */ = {isa = PBXFileReference; fileEncoding = 4; lastKnownFileType = sourcecode.swift; path = ORLocalDataCoordinator.swift; sourceTree = "<group>"; };
		8BD0F1B41B31208700F96C96 /* ORCloudDataResponse.swift */ = {isa = PBXFileReference; fileEncoding = 4; lastKnownFileType = sourcecode.swift; path = ORCloudDataResponse.swift; sourceTree = "<group>"; };
		8BD0F1B61B3120D900F96C96 /* ORLocalDataResponse.swift */ = {isa = PBXFileReference; fileEncoding = 4; lastKnownFileType = sourcecode.swift; path = ORLocalDataResponse.swift; sourceTree = "<group>"; };
		8BE077271B2D4EF20070D128 /* ORTransformer.swift */ = {isa = PBXFileReference; fileEncoding = 4; lastKnownFileType = sourcecode.swift; path = ORTransformer.swift; sourceTree = "<group>"; };
/* End PBXFileReference section */

/* Begin PBXFrameworksBuildPhase section */
		8B650C991B2BA75400F0EA52 /* Frameworks */ = {
			isa = PBXFrameworksBuildPhase;
			buildActionMask = 2147483647;
			files = (
			);
			runOnlyForDeploymentPostprocessing = 0;
		};
		8B650CA51B2BA75400F0EA52 /* Frameworks */ = {
			isa = PBXFrameworksBuildPhase;
			buildActionMask = 2147483647;
			files = (
				8B650CA91B2BA75400F0EA52 /* ORMKit.framework in Frameworks */,
			);
			runOnlyForDeploymentPostprocessing = 0;
		};
/* End PBXFrameworksBuildPhase section */

/* Begin PBXGroup section */
		8B650C931B2BA75400F0EA52 = {
			isa = PBXGroup;
			children = (
				8B650C9F1B2BA75400F0EA52 /* ORMKit */,
				8B650CAC1B2BA75400F0EA52 /* ORMKitTests */,
				8B650C9E1B2BA75400F0EA52 /* Products */,
			);
			sourceTree = "<group>";
		};
		8B650C9E1B2BA75400F0EA52 /* Products */ = {
			isa = PBXGroup;
			children = (
				8B650C9D1B2BA75400F0EA52 /* ORMKit.framework */,
				8B650CA81B2BA75400F0EA52 /* ORMKitTests.xctest */,
			);
			name = Products;
			sourceTree = "<group>";
		};
		8B650C9F1B2BA75400F0EA52 /* ORMKit */ = {
			isa = PBXGroup;
			children = (
				8B650CA21B2BA75400F0EA52 /* ORMKit.h */,
				8B76DF5B1B3446F300DB95ED /* Misc */,
				8B76DF5C1B34470900DB95ED /* Data Stack */,
				8B650CBA1B2BA77100F0EA52 /* Models */,
				8B650CA01B2BA75400F0EA52 /* Supporting Files */,
			);
			path = ORMKit;
			sourceTree = "<group>";
		};
		8B650CA01B2BA75400F0EA52 /* Supporting Files */ = {
			isa = PBXGroup;
			children = (
				8B650CA11B2BA75400F0EA52 /* Info.plist */,
			);
			name = "Supporting Files";
			sourceTree = "<group>";
		};
		8B650CAC1B2BA75400F0EA52 /* ORMKitTests */ = {
			isa = PBXGroup;
			children = (
				8B650CAF1B2BA75400F0EA52 /* ORMKitTests.swift */,
				8B650CAD1B2BA75400F0EA52 /* Supporting Files */,
			);
			path = ORMKitTests;
			sourceTree = "<group>";
		};
		8B650CAD1B2BA75400F0EA52 /* Supporting Files */ = {
			isa = PBXGroup;
			children = (
				8B650CAE1B2BA75400F0EA52 /* Info.plist */,
			);
			name = "Supporting Files";
			sourceTree = "<group>";
		};
		8B650CBA1B2BA77100F0EA52 /* Models */ = {
			isa = PBXGroup;
			children = (
				8B650CB91B2BA77100F0EA52 /* ORModel.swift */,
				8BD0F1AE1B30978000F96C96 /* OROrganization.swift */,
				8B650CBB1B2BA77100F0EA52 /* ORLiftEntry.swift */,
				8B650CBC1B2BA77100F0EA52 /* ORLiftTemplate.swift */,
				8BA520991B44CE9E005E0FF0 /* ORMessage.swift */,
				8B650CC21B2BA8DD00F0EA52 /* ORAthlete.swift */,
			);
			path = Models;
			sourceTree = "<group>";
		};
		8B76DF571B3446A900DB95ED /* Data Request */ = {
			isa = PBXGroup;
			children = (
				8B76DF511B34464600DB95ED /* ORDataRequest.swift */,
				8B76DF531B34465700DB95ED /* ORLocalDataRequest.swift */,
				8B76DF551B34466C00DB95ED /* ORCloudDataRequest.swift */,
			);
			name = "Data Request";
			sourceTree = "<group>";
		};
		8B76DF581B3446BA00DB95ED /* Data Response */ = {
			isa = PBXGroup;
			children = (
				8BD0F1AC1B3091B300F96C96 /* ORDataResponse.swift */,
				8BD0F1B41B31208700F96C96 /* ORCloudDataResponse.swift */,
				8BD0F1B61B3120D900F96C96 /* ORLocalDataResponse.swift */,
			);
			name = "Data Response";
			sourceTree = "<group>";
		};
		8B76DF591B3446CB00DB95ED /* Data Coordinators */ = {
			isa = PBXGroup;
			children = (
				8BD0F1B21B310CF600F96C96 /* ORLocalDataCoordinator.swift */,
				8B2AD4CC1B334F00003B917F /* ORDataCoordinator.swift */,
				8BD0F1AA1B308E5400F96C96 /* ORCloudDataCoordinator.swift */,
			);
			name = "Data Coordinators";
			sourceTree = "<group>";
		};
		8B76DF5A1B3446E300DB95ED /* Data Stores */ = {
			isa = PBXGroup;
			children = (
				8B2AD4C81B33411E003B917F /* ORCloudData.swift */,
				8B2AD4CA1B334128003B917F /* ORLocalData.swift */,
			);
			name = "Data Stores";
			sourceTree = "<group>";
		};
		8B76DF5B1B3446F300DB95ED /* Misc */ = {
			isa = PBXGroup;
			children = (
				8B3039621B2BFED000E5C95A /* ORSession.swift */,
				8BE077271B2D4EF20070D128 /* ORTransformer.swift */,
			);
			name = Misc;
			sourceTree = "<group>";
		};
		8B76DF5C1B34470900DB95ED /* Data Stack */ = {
			isa = PBXGroup;
			children = (
				8B9E271A1B323890008AE331 /* ORDataManager.swift */,
				8B76DF5D1B3447DF00DB95ED /* ORDataTools.swift */,
				8B76DF581B3446BA00DB95ED /* Data Response */,
				8B76DF591B3446CB00DB95ED /* Data Coordinators */,
				8B76DF5A1B3446E300DB95ED /* Data Stores */,
				8B76DF571B3446A900DB95ED /* Data Request */,
			);
			name = "Data Stack";
			sourceTree = "<group>";
		};
/* End PBXGroup section */

/* Begin PBXHeadersBuildPhase section */
		8B650C9A1B2BA75400F0EA52 /* Headers */ = {
			isa = PBXHeadersBuildPhase;
			buildActionMask = 2147483647;
			files = (
				8B650CA31B2BA75400F0EA52 /* ORMKit.h in Headers */,
			);
			runOnlyForDeploymentPostprocessing = 0;
		};
/* End PBXHeadersBuildPhase section */

/* Begin PBXNativeTarget section */
		8B650C9C1B2BA75400F0EA52 /* ORMKit */ = {
			isa = PBXNativeTarget;
			buildConfigurationList = 8B650CB31B2BA75400F0EA52 /* Build configuration list for PBXNativeTarget "ORMKit" */;
			buildPhases = (
				8B650C981B2BA75400F0EA52 /* Sources */,
				8B650C991B2BA75400F0EA52 /* Frameworks */,
				8B650C9A1B2BA75400F0EA52 /* Headers */,
				8B650C9B1B2BA75400F0EA52 /* Resources */,
			);
			buildRules = (
			);
			dependencies = (
			);
			name = ORMKit;
			productName = ORMKit;
			productReference = 8B650C9D1B2BA75400F0EA52 /* ORMKit.framework */;
			productType = "com.apple.product-type.framework";
		};
		8B650CA71B2BA75400F0EA52 /* ORMKitTests */ = {
			isa = PBXNativeTarget;
			buildConfigurationList = 8B650CB61B2BA75400F0EA52 /* Build configuration list for PBXNativeTarget "ORMKitTests" */;
			buildPhases = (
				8B650CA41B2BA75400F0EA52 /* Sources */,
				8B650CA51B2BA75400F0EA52 /* Frameworks */,
				8B650CA61B2BA75400F0EA52 /* Resources */,
			);
			buildRules = (
			);
			dependencies = (
				8B650CAB1B2BA75400F0EA52 /* PBXTargetDependency */,
			);
			name = ORMKitTests;
			productName = ORMKitTests;
			productReference = 8B650CA81B2BA75400F0EA52 /* ORMKitTests.xctest */;
			productType = "com.apple.product-type.bundle.unit-test";
		};
/* End PBXNativeTarget section */

/* Begin PBXProject section */
		8B650C941B2BA75400F0EA52 /* Project object */ = {
			isa = PBXProject;
			attributes = {
				LastUpgradeCheck = 0630;
				ORGANIZATIONNAME = JwitApps;
				TargetAttributes = {
					8B650C9C1B2BA75400F0EA52 = {
						CreatedOnToolsVersion = 6.3.2;
					};
					8B650CA71B2BA75400F0EA52 = {
						CreatedOnToolsVersion = 6.3.2;
					};
				};
			};
			buildConfigurationList = 8B650C971B2BA75400F0EA52 /* Build configuration list for PBXProject "ORMKit" */;
			compatibilityVersion = "Xcode 3.2";
			developmentRegion = English;
			hasScannedForEncodings = 0;
			knownRegions = (
				en,
			);
			mainGroup = 8B650C931B2BA75400F0EA52;
			productRefGroup = 8B650C9E1B2BA75400F0EA52 /* Products */;
			projectDirPath = "";
			projectRoot = "";
			targets = (
				8B650C9C1B2BA75400F0EA52 /* ORMKit */,
				8B650CA71B2BA75400F0EA52 /* ORMKitTests */,
			);
		};
/* End PBXProject section */

/* Begin PBXResourcesBuildPhase section */
		8B650C9B1B2BA75400F0EA52 /* Resources */ = {
			isa = PBXResourcesBuildPhase;
			buildActionMask = 2147483647;
			files = (
			);
			runOnlyForDeploymentPostprocessing = 0;
		};
		8B650CA61B2BA75400F0EA52 /* Resources */ = {
			isa = PBXResourcesBuildPhase;
			buildActionMask = 2147483647;
			files = (
			);
			runOnlyForDeploymentPostprocessing = 0;
		};
/* End PBXResourcesBuildPhase section */

/* Begin PBXSourcesBuildPhase section */
		8B650C981B2BA75400F0EA52 /* Sources */ = {
			isa = PBXSourcesBuildPhase;
			buildActionMask = 2147483647;
			files = (
				8B76DF5E1B3447DF00DB95ED /* ORDataTools.swift in Sources */,
				8B650CC31B2BA8DD00F0EA52 /* ORAthlete.swift in Sources */,
				8B2AD4CD1B334F00003B917F /* ORDataCoordinator.swift in Sources */,
				8BD0F1AF1B30978000F96C96 /* OROrganization.swift in Sources */,
				8BD0F1B31B310CF600F96C96 /* ORLocalDataCoordinator.swift in Sources */,
				8B650CBE1B2BA77100F0EA52 /* ORModel.swift in Sources */,
				8BA5209A1B44CE9E005E0FF0 /* ORMessage.swift in Sources */,
				8BD0F1AB1B308E5400F96C96 /* ORCloudDataCoordinator.swift in Sources */,
				8B76DF541B34465700DB95ED /* ORLocalDataRequest.swift in Sources */,
				8B3039631B2BFED000E5C95A /* ORSession.swift in Sources */,
				8B2AD4CB1B334128003B917F /* ORLocalData.swift in Sources */,
				8B650CC01B2BA77100F0EA52 /* ORLiftTemplate.swift in Sources */,
				8BE077281B2D4EF20070D128 /* ORTransformer.swift in Sources */,
				8B650CBF1B2BA77100F0EA52 /* ORLiftEntry.swift in Sources */,
				8B9E271B1B323890008AE331 /* ORDataManager.swift in Sources */,
				8BD0F1B71B3120D900F96C96 /* ORLocalDataResponse.swift in Sources */,
				8B76DF521B34464600DB95ED /* ORDataRequest.swift in Sources */,
				8BD0F1B51B31208700F96C96 /* ORCloudDataResponse.swift in Sources */,
				8B76DF561B34466C00DB95ED /* ORCloudDataRequest.swift in Sources */,
				8B2AD4C91B33411E003B917F /* ORCloudData.swift in Sources */,
				8BD0F1AD1B3091B300F96C96 /* ORDataResponse.swift in Sources */,
			);
			runOnlyForDeploymentPostprocessing = 0;
		};
		8B650CA41B2BA75400F0EA52 /* Sources */ = {
			isa = PBXSourcesBuildPhase;
			buildActionMask = 2147483647;
			files = (
				8B650CB01B2BA75400F0EA52 /* ORMKitTests.swift in Sources */,
			);
			runOnlyForDeploymentPostprocessing = 0;
		};
/* End PBXSourcesBuildPhase section */

/* Begin PBXTargetDependency section */
		8B650CAB1B2BA75400F0EA52 /* PBXTargetDependency */ = {
			isa = PBXTargetDependency;
			target = 8B650C9C1B2BA75400F0EA52 /* ORMKit */;
			targetProxy = 8B650CAA1B2BA75400F0EA52 /* PBXContainerItemProxy */;
		};
/* End PBXTargetDependency section */

/* Begin XCBuildConfiguration section */
		8B650CB11B2BA75400F0EA52 /* Debug */ = {
			isa = XCBuildConfiguration;
			buildSettings = {
				ALWAYS_SEARCH_USER_PATHS = NO;
				CLANG_CXX_LANGUAGE_STANDARD = "gnu++0x";
				CLANG_CXX_LIBRARY = "libc++";
				CLANG_ENABLE_MODULES = YES;
				CLANG_ENABLE_OBJC_ARC = YES;
				CLANG_WARN_BOOL_CONVERSION = YES;
				CLANG_WARN_CONSTANT_CONVERSION = YES;
				CLANG_WARN_DIRECT_OBJC_ISA_USAGE = YES_ERROR;
				CLANG_WARN_EMPTY_BODY = YES;
				CLANG_WARN_ENUM_CONVERSION = YES;
				CLANG_WARN_INT_CONVERSION = YES;
				CLANG_WARN_OBJC_ROOT_CLASS = YES_ERROR;
				CLANG_WARN_UNREACHABLE_CODE = YES;
				CLANG_WARN__DUPLICATE_METHOD_MATCH = YES;
				COPY_PHASE_STRIP = NO;
				CURRENT_PROJECT_VERSION = 1;
				DEBUG_INFORMATION_FORMAT = dwarf;
				ENABLE_STRICT_OBJC_MSGSEND = YES;
				GCC_C_LANGUAGE_STANDARD = gnu99;
				GCC_DYNAMIC_NO_PIC = NO;
				GCC_NO_COMMON_BLOCKS = YES;
				GCC_OPTIMIZATION_LEVEL = 0;
				GCC_PREPROCESSOR_DEFINITIONS = (
					"DEBUG=1",
					"$(inherited)",
				);
				GCC_SYMBOLS_PRIVATE_EXTERN = NO;
				GCC_WARN_64_TO_32_BIT_CONVERSION = YES;
				GCC_WARN_ABOUT_RETURN_TYPE = YES_ERROR;
				GCC_WARN_UNDECLARED_SELECTOR = YES;
				GCC_WARN_UNINITIALIZED_AUTOS = YES_AGGRESSIVE;
				GCC_WARN_UNUSED_FUNCTION = YES;
				GCC_WARN_UNUSED_VARIABLE = YES;
				MACOSX_DEPLOYMENT_TARGET = 10.10;
				MTL_ENABLE_DEBUG_INFO = YES;
				ONLY_ACTIVE_ARCH = YES;
				SDKROOT = macosx;
				SWIFT_OPTIMIZATION_LEVEL = "-Onone";
				VERSIONING_SYSTEM = "apple-generic";
				VERSION_INFO_PREFIX = "";
			};
			name = Debug;
		};
		8B650CB21B2BA75400F0EA52 /* Release */ = {
			isa = XCBuildConfiguration;
			buildSettings = {
				ALWAYS_SEARCH_USER_PATHS = NO;
				CLANG_CXX_LANGUAGE_STANDARD = "gnu++0x";
				CLANG_CXX_LIBRARY = "libc++";
				CLANG_ENABLE_MODULES = YES;
				CLANG_ENABLE_OBJC_ARC = YES;
				CLANG_WARN_BOOL_CONVERSION = YES;
				CLANG_WARN_CONSTANT_CONVERSION = YES;
				CLANG_WARN_DIRECT_OBJC_ISA_USAGE = YES_ERROR;
				CLANG_WARN_EMPTY_BODY = YES;
				CLANG_WARN_ENUM_CONVERSION = YES;
				CLANG_WARN_INT_CONVERSION = YES;
				CLANG_WARN_OBJC_ROOT_CLASS = YES_ERROR;
				CLANG_WARN_UNREACHABLE_CODE = YES;
				CLANG_WARN__DUPLICATE_METHOD_MATCH = YES;
				COPY_PHASE_STRIP = NO;
				CURRENT_PROJECT_VERSION = 1;
				DEBUG_INFORMATION_FORMAT = "dwarf-with-dsym";
				ENABLE_NS_ASSERTIONS = NO;
				ENABLE_STRICT_OBJC_MSGSEND = YES;
				GCC_C_LANGUAGE_STANDARD = gnu99;
				GCC_NO_COMMON_BLOCKS = YES;
				GCC_WARN_64_TO_32_BIT_CONVERSION = YES;
				GCC_WARN_ABOUT_RETURN_TYPE = YES_ERROR;
				GCC_WARN_UNDECLARED_SELECTOR = YES;
				GCC_WARN_UNINITIALIZED_AUTOS = YES_AGGRESSIVE;
				GCC_WARN_UNUSED_FUNCTION = YES;
				GCC_WARN_UNUSED_VARIABLE = YES;
				MACOSX_DEPLOYMENT_TARGET = 10.10;
				MTL_ENABLE_DEBUG_INFO = NO;
				SDKROOT = macosx;
				VERSIONING_SYSTEM = "apple-generic";
				VERSION_INFO_PREFIX = "";
			};
			name = Release;
		};
		8B650CB41B2BA75400F0EA52 /* Debug */ = {
			isa = XCBuildConfiguration;
			buildSettings = {
				COMBINE_HIDPI_IMAGES = YES;
				DEFINES_MODULE = YES;
				DYLIB_COMPATIBILITY_VERSION = 1;
				DYLIB_CURRENT_VERSION = 1;
				DYLIB_INSTALL_NAME_BASE = "@rpath";
				FRAMEWORK_VERSION = A;
				INFOPLIST_FILE = ORMKit/Info.plist;
				INSTALL_PATH = "$(LOCAL_LIBRARY_DIR)/Frameworks";
				LD_RUNPATH_SEARCH_PATHS = "$(inherited) @executable_path/../Frameworks @loader_path/Frameworks";
				PRODUCT_NAME = "$(TARGET_NAME)";
				SKIP_INSTALL = YES;
			};
			name = Debug;
		};
		8B650CB51B2BA75400F0EA52 /* Release */ = {
			isa = XCBuildConfiguration;
			buildSettings = {
				COMBINE_HIDPI_IMAGES = YES;
				DEFINES_MODULE = YES;
				DYLIB_COMPATIBILITY_VERSION = 1;
				DYLIB_CURRENT_VERSION = 1;
				DYLIB_INSTALL_NAME_BASE = "@rpath";
				FRAMEWORK_VERSION = A;
				INFOPLIST_FILE = ORMKit/Info.plist;
				INSTALL_PATH = "$(LOCAL_LIBRARY_DIR)/Frameworks";
				LD_RUNPATH_SEARCH_PATHS = "$(inherited) @executable_path/../Frameworks @loader_path/Frameworks";
				PRODUCT_NAME = "$(TARGET_NAME)";
				SKIP_INSTALL = YES;
			};
			name = Release;
		};
		8B650CB71B2BA75400F0EA52 /* Debug */ = {
			isa = XCBuildConfiguration;
			buildSettings = {
				COMBINE_HIDPI_IMAGES = YES;
				FRAMEWORK_SEARCH_PATHS = (
					"$(DEVELOPER_FRAMEWORKS_DIR)",
					"$(inherited)",
				);
				GCC_PREPROCESSOR_DEFINITIONS = (
					"DEBUG=1",
					"$(inherited)",
				);
				INFOPLIST_FILE = ORMKitTests/Info.plist;
				LD_RUNPATH_SEARCH_PATHS = "$(inherited) @executable_path/../Frameworks @loader_path/../Frameworks";
				PRODUCT_NAME = "$(TARGET_NAME)";
			};
			name = Debug;
		};
		8B650CB81B2BA75400F0EA52 /* Release */ = {
			isa = XCBuildConfiguration;
			buildSettings = {
				COMBINE_HIDPI_IMAGES = YES;
				FRAMEWORK_SEARCH_PATHS = (
					"$(DEVELOPER_FRAMEWORKS_DIR)",
					"$(inherited)",
				);
				INFOPLIST_FILE = ORMKitTests/Info.plist;
				LD_RUNPATH_SEARCH_PATHS = "$(inherited) @executable_path/../Frameworks @loader_path/../Frameworks";
				PRODUCT_NAME = "$(TARGET_NAME)";
			};
			name = Release;
		};
/* End XCBuildConfiguration section */

/* Begin XCConfigurationList section */
		8B650C971B2BA75400F0EA52 /* Build configuration list for PBXProject "ORMKit" */ = {
			isa = XCConfigurationList;
			buildConfigurations = (
				8B650CB11B2BA75400F0EA52 /* Debug */,
				8B650CB21B2BA75400F0EA52 /* Release */,
			);
			defaultConfigurationIsVisible = 0;
			defaultConfigurationName = Release;
		};
		8B650CB31B2BA75400F0EA52 /* Build configuration list for PBXNativeTarget "ORMKit" */ = {
			isa = XCConfigurationList;
			buildConfigurations = (
				8B650CB41B2BA75400F0EA52 /* Debug */,
				8B650CB51B2BA75400F0EA52 /* Release */,
			);
			defaultConfigurationIsVisible = 0;
			defaultConfigurationName = Release;
		};
		8B650CB61B2BA75400F0EA52 /* Build configuration list for PBXNativeTarget "ORMKitTests" */ = {
			isa = XCConfigurationList;
			buildConfigurations = (
				8B650CB71B2BA75400F0EA52 /* Debug */,
				8B650CB81B2BA75400F0EA52 /* Release */,
			);
			defaultConfigurationIsVisible = 0;
			defaultConfigurationName = Release;
		};
/* End XCConfigurationList section */
	};
	rootObject = 8B650C941B2BA75400F0EA52 /* Project object */;
}
